// !$*UTF8*$!
{
	archiveVersion = 1;
	classes = {
	};
	objectVersion = 54;
	objects = {

/* Begin PBXBuildFile section */
		038DD32F68DB3BC951B466E5 /* Theme.swift in Sources */ = {isa = PBXBuildFile; fileRef = F7F634AF1546E7B1342F0701 /* Theme.swift */; };
		2CE03564CCEDD3C73B9E9D04 /* DashboardView.swift in Sources */ = {isa = PBXBuildFile; fileRef = 79C60A3EBDE433E0FE05F899 /* DashboardView.swift */; };
		3484A8AEDB5232487B04556D /* GuideView.swift in Sources */ = {isa = PBXBuildFile; fileRef = 190831B0732968F322D50061 /* GuideView.swift */; };
		3C88B215D7A761F9A48CE3B0 /* SafeDriveApp.swift in Sources */ = {isa = PBXBuildFile; fileRef = B5EADD1E2B108C199489291D /* SafeDriveApp.swift */; };
		470FABCA3E9BF7B5A58B8A3C /* EmergencyContactsView.swift in Sources */ = {isa = PBXBuildFile; fileRef = 61166F6AFFFA93AA1179AE9D /* EmergencyContactsView.swift */; };
		5D09612D9500B5A945617E4C /* WaveformView.swift in Sources */ = {isa = PBXBuildFile; fileRef = 776CBC12B300EF323F79BAFF /* WaveformView.swift */; };
		74C9EF57BCCB63A253406F57 /* ReplaysView.swift in Sources */ = {isa = PBXBuildFile; fileRef = B80215D7FA94386E2DE0A53F /* ReplaysView.swift */; };
		B1E2D350E3DA014B33E17C31 /* SignupView.swift in Sources */ = {isa = PBXBuildFile; fileRef = 57050BA4D3E9E83840E9F37C /* SignupView.swift */; };
		B2C5830F5F73ABBCCD47EF1C /* Assets.xcassets in Resources */ = {isa = PBXBuildFile; fileRef = 6D0A3FAA5A10E3ABBE37CBC9 /* Assets.xcassets */; };
		B458A51EBE175F6374A7D925 /* LoginView.swift in Sources */ = {isa = PBXBuildFile; fileRef = 3E3830148CCC73CFB2B685AB /* LoginView.swift */; };
/* End PBXBuildFile section */

/* Begin PBXFileReference section */
		190831B0732968F322D50061 /* GuideView.swift */ = {isa = PBXFileReference; lastKnownFileType = sourcecode.swift; path = GuideView.swift; sourceTree = "<group>"; };
		3E3830148CCC73CFB2B685AB /* LoginView.swift */ = {isa = PBXFileReference; lastKnownFileType = sourcecode.swift; path = LoginView.swift; sourceTree = "<group>"; };
		4486DEFAB79D08FD56967575 /* SafeDrive.app */ = {isa = PBXFileReference; includeInIndex = 0; lastKnownFileType = wrapper.application; path = SafeDrive.app; sourceTree = BUILT_PRODUCTS_DIR; };
		57050BA4D3E9E83840E9F37C /* SignupView.swift */ = {isa = PBXFileReference; lastKnownFileType = sourcecode.swift; path = SignupView.swift; sourceTree = "<group>"; };
		61166F6AFFFA93AA1179AE9D /* EmergencyContactsView.swift */ = {isa = PBXFileReference; lastKnownFileType = sourcecode.swift; path = EmergencyContactsView.swift; sourceTree = "<group>"; };
		6D0A3FAA5A10E3ABBE37CBC9 /* Assets.xcassets */ = {isa = PBXFileReference; lastKnownFileType = folder.assetcatalog; path = Assets.xcassets; sourceTree = "<group>"; };
		776CBC12B300EF323F79BAFF /* WaveformView.swift */ = {isa = PBXFileReference; lastKnownFileType = sourcecode.swift; path = WaveformView.swift; sourceTree = "<group>"; };
		79C60A3EBDE433E0FE05F899 /* DashboardView.swift */ = {isa = PBXFileReference; lastKnownFileType = sourcecode.swift; path = DashboardView.swift; sourceTree = "<group>"; };
		B5EADD1E2B108C199489291D /* SafeDriveApp.swift */ = {isa = PBXFileReference; lastKnownFileType = sourcecode.swift; path = SafeDriveApp.swift; sourceTree = "<group>"; };
		B80215D7FA94386E2DE0A53F /* ReplaysView.swift */ = {isa = PBXFileReference; lastKnownFileType = sourcecode.swift; path = ReplaysView.swift; sourceTree = "<group>"; };
		F7F634AF1546E7B1342F0701 /* Theme.swift */ = {isa = PBXFileReference; lastKnownFileType = sourcecode.swift; path = Theme.swift; sourceTree = "<group>"; };
/* End PBXFileReference section */

/* Begin PBXGroup section */
		5BCE05FC0C21289FFBA0C814 = {
			isa = PBXGroup;
			children = (
				9D48D1CCEFBA7DBFE5D5B8B5 /* Sources */,
				C287D7AF1212DED0B79BD928 /* Products */,
			);
			sourceTree = "<group>";
		};
		9D48D1CCEFBA7DBFE5D5B8B5 /* Sources */ = {
			isa = PBXGroup;
			children = (
				6D0A3FAA5A10E3ABBE37CBC9 /* Assets.xcassets */,
				79C60A3EBDE433E0FE05F899 /* DashboardView.swift */,
				61166F6AFFFA93AA1179AE9D /* EmergencyContactsView.swift */,
				190831B0732968F322D50061 /* GuideView.swift */,
				3E3830148CCC73CFB2B685AB /* LoginView.swift */,
				B80215D7FA94386E2DE0A53F /* ReplaysView.swift */,
				B5EADD1E2B108C199489291D /* SafeDriveApp.swift */,
				57050BA4D3E9E83840E9F37C /* SignupView.swift */,
				F7F634AF1546E7B1342F0701 /* Theme.swift */,
				776CBC12B300EF323F79BAFF /* WaveformView.swift */,
			);
			path = Sources;
			sourceTree = "<group>";
		};
		C287D7AF1212DED0B79BD928 /* Products */ = {
			isa = PBXGroup;
			children = (
				4486DEFAB79D08FD56967575 /* SafeDrive.app */,
			);
			name = Products;
			sourceTree = "<group>";
		};
/* End PBXGroup section */

/* Begin PBXNativeTarget section */
		22FF26A24AEB2EDA329E5D77 /* SafeDrive */ = {
			isa = PBXNativeTarget;
			buildConfigurationList = A0380A100E1A9AC5D6884606 /* Build configuration list for PBXNativeTarget "SafeDrive" */;
			buildPhases = (
				3501E2474FAFD8F8AB2A234D /* Sources */,
				1A9D190AE0CB6883C1B4C05B /* Resources */,
			);
			buildRules = (
			);
			dependencies = (
			);
			name = SafeDrive;
			productName = SafeDrive;
			productReference = 4486DEFAB79D08FD56967575 /* SafeDrive.app */;
			productType = "com.apple.product-type.application";
		};
/* End PBXNativeTarget section */

/* Begin PBXProject section */
		11FDE8545FD00E541B617D26 /* Project object */ = {
			isa = PBXProject;
			attributes = {
				BuildIndependentTargetsInParallel = YES;
				LastUpgradeCheck = 1430;
				TargetAttributes = {
					22FF26A24AEB2EDA329E5D77 = {
						DevelopmentTeam = "";
					};
				};
			};
			buildConfigurationList = DFB291A9D07A4CFDFE399EE1 /* Build configuration list for PBXProject "SafeDrive" */;
			compatibilityVersion = "Xcode 14.0";
			developmentRegion = en;
			hasScannedForEncodings = 0;
			knownRegions = (
				Base,
				en,
			);
			mainGroup = 5BCE05FC0C21289FFBA0C814;
			projectDirPath = "";
			projectRoot = "";
			targets = (
				22FF26A24AEB2EDA329E5D77 /* SafeDrive */,
			);
		};
/* End PBXProject section */

/* Begin PBXResourcesBuildPhase section */
		1A9D190AE0CB6883C1B4C05B /* Resources */ = {
			isa = PBXResourcesBuildPhase;
			buildActionMask = 2147483647;
			files = (
				B2C5830F5F73ABBCCD47EF1C /* Assets.xcassets in Resources */,
			);
			runOnlyForDeploymentPostprocessing = 0;
		};
/* End PBXResourcesBuildPhase section */

/* Begin PBXSourcesBuildPhase section */
		3501E2474FAFD8F8AB2A234D /* Sources */ = {
			isa = PBXSourcesBuildPhase;
			buildActionMask = 2147483647;
			files = (
				2CE03564CCEDD3C73B9E9D04 /* DashboardView.swift in Sources */,
				470FABCA3E9BF7B5A58B8A3C /* EmergencyContactsView.swift in Sources */,
				3484A8AEDB5232487B04556D /* GuideView.swift in Sources */,
				B458A51EBE175F6374A7D925 /* LoginView.swift in Sources */,
				74C9EF57BCCB63A253406F57 /* ReplaysView.swift in Sources */,
				3C88B215D7A761F9A48CE3B0 /* SafeDriveApp.swift in Sources */,
				B1E2D350E3DA014B33E17C31 /* SignupView.swift in Sources */,
				038DD32F68DB3BC951B466E5 /* Theme.swift in Sources */,
				5D09612D9500B5A945617E4C /* WaveformView.swift in Sources */,
			);
			runOnlyForDeploymentPostprocessing = 0;
		};
/* End PBXSourcesBuildPhase section */

/* Begin XCBuildConfiguration section */
		47F3A34023518ED6D6576015 /* Debug */ = {
			isa = XCBuildConfiguration;
			buildSettings = {
				ASSETCATALOG_COMPILER_APPICON_NAME = AppIcon;
				CODE_SIGN_IDENTITY = "iPhone Developer";
				DEVELOPMENT_TEAM = "";
				INFOPLIST_KEY_UILaunchScreen_Generation = YES;
				INFOPLIST_KEY_UISupportedInterfaceOrientations = UIInterfaceOrientationPortrait;
				IPHONEOS_DEPLOYMENT_TARGET = 15.0;
				LD_RUNPATH_SEARCH_PATHS = (
					"$(inherited)",
					"@executable_path/Frameworks",
				);
				PRODUCT_BUNDLE_IDENTIFIER = com.safedrive.SafeDrive;
				SDKROOT = iphoneos;
				TARGETED_DEVICE_FAMILY = "1,2";
			};
			name = Debug;
		};
		7D4340D17D9FCB1C5DD6CBCE /* Release */ = {
			isa = XCBuildConfiguration;
			buildSettings = {
				ASSETCATALOG_COMPILER_APPICON_NAME = AppIcon;
				CODE_SIGN_IDENTITY = "iPhone Developer";
				DEVELOPMENT_TEAM = "";
				INFOPLIST_KEY_UILaunchScreen_Generation = YES;
				INFOPLIST_KEY_UISupportedInterfaceOrientations = UIInterfaceOrientationPortrait;
				IPHONEOS_DEPLOYMENT_TARGET = 15.0;
				LD_RUNPATH_SEARCH_PATHS = (
					"$(inherited)",
					"@executable_path/Frameworks",
				);
				PRODUCT_BUNDLE_IDENTIFIER = com.safedrive.SafeDrive;
				SDKROOT = iphoneos;
				TARGETED_DEVICE_FAMILY = "1,2";
			};
			name = Release;
		};
		C7D0FC5B34A32FAEA44975BD /* Debug */ = {
			isa = XCBuildConfiguration;
			buildSettings = {
				ALWAYS_SEARCH_USER_PATHS = NO;
				CLANG_ANALYZER_NONNULL = YES;
				CLANG_ANALYZER_NUMBER_OBJECT_CONVERSION = YES_AGGRESSIVE;
				CLANG_CXX_LANGUAGE_STANDARD = "gnu++14";
				CLANG_CXX_LIBRARY = "libc++";
				CLANG_ENABLE_MODULES = YES;
				CLANG_ENABLE_OBJC_ARC = YES;
				CLANG_ENABLE_OBJC_WEAK = YES;
				CLANG_WARN_BLOCK_CAPTURE_AUTORELEASING = YES;
				CLANG_WARN_BOOL_CONVERSION = YES;
				CLANG_WARN_COMMA = YES;
				CLANG_WARN_CONSTANT_CONVERSION = YES;
				CLANG_WARN_DEPRECATED_OBJC_IMPLEMENTATIONS = YES;
				CLANG_WARN_DIRECT_OBJC_ISA_USAGE = YES_ERROR;
				CLANG_WARN_DOCUMENTATION_COMMENTS = YES;
				CLANG_WARN_EMPTY_BODY = YES;
				CLANG_WARN_ENUM_CONVERSION = YES;
				CLANG_WARN_INFINITE_RECURSION = YES;
				CLANG_WARN_INT_CONVERSION = YES;
				CLANG_WARN_NON_LITERAL_NULL_CONVERSION = YES;
				CLANG_WARN_OBJC_IMPLICIT_RETAIN_SELF = YES;
				CLANG_WARN_OBJC_LITERAL_CONVERSION = YES;
				CLANG_WARN_OBJC_ROOT_CLASS = YES_ERROR;
				CLANG_WARN_QUOTED_INCLUDE_IN_FRAMEWORK_HEADER = YES;
				CLANG_WARN_RANGE_LOOP_ANALYSIS = YES;
				CLANG_WARN_STRICT_PROTOTYPES = YES;
				CLANG_WARN_SUSPICIOUS_MOVE = YES;
				CLANG_WARN_UNGUARDED_AVAILABILITY = YES_AGGRESSIVE;
				CLANG_WARN_UNREACHABLE_CODE = YES;
				CLANG_WARN__DUPLICATE_METHOD_MATCH = YES;
				COPY_PHASE_STRIP = NO;
				DEBUG_INFORMATION_FORMAT = dwarf;
				ENABLE_STRICT_OBJC_MSGSEND = YES;
				ENABLE_TESTABILITY = YES;
				GCC_C_LANGUAGE_STANDARD = gnu11;
				GCC_DYNAMIC_NO_PIC = NO;
				GCC_NO_COMMON_BLOCKS = YES;
				GCC_OPTIMIZATION_LEVEL = 0;
				GCC_PREPROCESSOR_DEFINITIONS = (
					"$(inherited)",
					"DEBUG=1",
				);
				GCC_WARN_64_TO_32_BIT_CONVERSION = YES;
				GCC_WARN_ABOUT_RETURN_TYPE = YES_ERROR;
				GCC_WARN_UNDECLARED_SELECTOR = YES;
				GCC_WARN_UNINITIALIZED_AUTOS = YES_AGGRESSIVE;
				GCC_WARN_UNUSED_FUNCTION = YES;
				GCC_WARN_UNUSED_VARIABLE = YES;
				MTL_ENABLE_DEBUG_INFO = INCLUDE_SOURCE;
				MTL_FAST_MATH = YES;
				ONLY_ACTIVE_ARCH = YES;
				PRODUCT_NAME = "$(TARGET_NAME)";
				SDKROOT = iphoneos;
				SWIFT_ACTIVE_COMPILATION_CONDITIONS = DEBUG;
				SWIFT_OPTIMIZATION_LEVEL = "-Onone";
				SWIFT_VERSION = 5.0;
			};
			name = Debug;
		};
		F23B463EA1A66D7368AB23E0 /* Release */ = {
			isa = XCBuildConfiguration;
			buildSettings = {
				ALWAYS_SEARCH_USER_PATHS = NO;
				CLANG_ANALYZER_NONNULL = YES;
				CLANG_ANALYZER_NUMBER_OBJECT_CONVERSION = YES_AGGRESSIVE;
				CLANG_CXX_LANGUAGE_STANDARD = "gnu++14";
				CLANG_CXX_LIBRARY = "libc++";
				CLANG_ENABLE_MODULES = YES;
				CLANG_ENABLE_OBJC_ARC = YES;
				CLANG_ENABLE_OBJC_WEAK = YES;
				CLANG_WARN_BLOCK_CAPTURE_AUTORELEASING = YES;
				CLANG_WARN_BOOL_CONVERSION = YES;
				CLANG_WARN_COMMA = YES;
				CLANG_WARN_CONSTANT_CONVERSION = YES;
				CLANG_WARN_DEPRECATED_OBJC_IMPLEMENTATIONS = YES;
				CLANG_WARN_DIRECT_OBJC_ISA_USAGE = YES_ERROR;
				CLANG_WARN_DOCUMENTATION_COMMENTS = YES;
				CLANG_WARN_EMPTY_BODY = YES;
				CLANG_WARN_ENUM_CONVERSION = YES;
				CLANG_WARN_INFINITE_RECURSION = YES;
				CLANG_WARN_INT_CONVERSION = YES;
				CLANG_WARN_NON_LITERAL_NULL_CONVERSION = YES;
				CLANG_WARN_OBJC_IMPLICIT_RETAIN_SELF = YES;
				CLANG_WARN_OBJC_LITERAL_CONVERSION = YES;
				CLANG_WARN_OBJC_ROOT_CLASS = YES_ERROR;
				CLANG_WARN_QUOTED_INCLUDE_IN_FRAMEWORK_HEADER = YES;
				CLANG_WARN_RANGE_LOOP_ANALYSIS = YES;
				CLANG_WARN_STRICT_PROTOTYPES = YES;
				CLANG_WARN_SUSPICIOUS_MOVE = YES;
				CLANG_WARN_UNGUARDED_AVAILABILITY = YES_AGGRESSIVE;
				CLANG_WARN_UNREACHABLE_CODE = YES;
				CLANG_WARN__DUPLICATE_METHOD_MATCH = YES;
				COPY_PHASE_STRIP = NO;
				DEBUG_INFORMATION_FORMAT = "dwarf-with-dsym";
				ENABLE_NS_ASSERTIONS = NO;
				ENABLE_STRICT_OBJC_MSGSEND = YES;
				GCC_C_LANGUAGE_STANDARD = gnu11;
				GCC_NO_COMMON_BLOCKS = YES;
				GCC_WARN_64_TO_32_BIT_CONVERSION = YES;
				GCC_WARN_ABOUT_RETURN_TYPE = YES_ERROR;
				GCC_WARN_UNDECLARED_SELECTOR = YES;
				GCC_WARN_UNINITIALIZED_AUTOS = YES_AGGRESSIVE;
				GCC_WARN_UNUSED_FUNCTION = YES;
				GCC_WARN_UNUSED_VARIABLE = YES;
				MTL_ENABLE_DEBUG_INFO = NO;
				MTL_FAST_MATH = YES;
				PRODUCT_NAME = "$(TARGET_NAME)";
				SDKROOT = iphoneos;
				SWIFT_COMPILATION_MODE = wholemodule;
				SWIFT_OPTIMIZATION_LEVEL = "-O";
				SWIFT_VERSION = 5.0;
			};
			name = Release;
		};
/* End XCBuildConfiguration section */

/* Begin XCConfigurationList section */
		A0380A100E1A9AC5D6884606 /* Build configuration list for PBXNativeTarget "SafeDrive" */ = {
			isa = XCConfigurationList;
			buildConfigurations = (
				47F3A34023518ED6D6576015 /* Debug */,
				7D4340D17D9FCB1C5DD6CBCE /* Release */,
			);
			defaultConfigurationIsVisible = 0;
			defaultConfigurationName = Debug;
		};
		DFB291A9D07A4CFDFE399EE1 /* Build configuration list for PBXProject "SafeDrive" */ = {
			isa = XCConfigurationList;
			buildConfigurations = (
				C7D0FC5B34A32FAEA44975BD /* Debug */,
				F23B463EA1A66D7368AB23E0 /* Release */,
			);
			defaultConfigurationIsVisible = 0;
			defaultConfigurationName = Debug;
		};
/* End XCConfigurationList section */
	};
	rootObject = 11FDE8545FD00E541B617D26 /* Project object */;
}
